
Microsoft Visual Studio Solution File, Format Version 12.00
# Visual Studio Version 17
VisualStudioVersion = 17.10.35004.147
MinimumVisualStudioVersion = 10.0.40219.1
Project("{FAE04EC0-301F-11D3-BF4B-00C04F79EFBC}") = "Transport.Infrastructure", "Transport.Infrastructure\Transport.Infrastructure.csproj", "{1184BD53-6A70-485F-8396-2CDAAFF023E2}"
EndProject
Project("{FAE04EC0-301F-11D3-BF4B-00C04F79EFBC}") = "Transport.App", "Transport.App\Transport.App.csproj", "{81067178-B40A-47EE-8E61-6675E0D1AE36}"
EndProject
Global
	GlobalSection(SolutionConfigurationPlatforms) = preSolution
		Debug|Any CPU = Debug|Any CPU
		Release|Any CPU = Release|Any CPU
	EndGlobalSection
	GlobalSection(ProjectConfigurationPlatforms) = postSolution
		{1184BD53-6A70-485F-8396-2CDAAFF023E2}.Debug|Any CPU.ActiveCfg = Debug|Any CPU
		{1184BD53-6A70-485F-8396-2CDAAFF023E2}.Debug|Any CPU.Build.0 = Debug|Any CPU
		{1184BD53-6A70-485F-8396-2CDAAFF023E2}.Release|Any CPU.ActiveCfg = Release|Any CPU
		{1184BD53-6A70-485F-8396-2CDAAFF023E2}.Release|Any CPU.Build.0 = Release|Any CPU
		{81067178-B40A-47EE-8E61-6675E0D1AE36}.Debug|Any CPU.ActiveCfg = Debug|Any CPU
		{81067178-B40A-47EE-8E61-6675E0D1AE36}.Debug|Any CPU.Build.0 = Debug|Any CPU
		{81067178-B40A-47EE-8E61-6675E0D1AE36}.Release|Any CPU.ActiveCfg = Release|Any CPU
		{81067178-B40A-47EE-8E61-6675E0D1AE36}.Release|Any CPU.Build.0 = Release|Any CPU
	EndGlobalSection
	GlobalSection(SolutionProperties) = preSolution
		HideSolutionNode = FALSE
	EndGlobalSection
	GlobalSection(ExtensibilityGlobals) = postSolution
		SolutionGuid = {C4CEF0E8-1209-422A-98AA-7E981F41F64B}
	EndGlobalSection
EndGlobal
